{
    "_readme": [
        "This file locks the dependencies of your project to a known state",
        "Read more about it at https://getcomposer.org/doc/01-basic-usage.md#installing-dependencies",
        "This file is @generated automatically"
    ],
    "content-hash": "26a9a6df2da0a2161e4a2324ee813a89",
    "packages": [
        {
            "name": "curl/curl",
            "version": "2.3.3",
            "source": {
                "type": "git",
                "url": "https://github.com/php-mod/curl.git",
                "reference": "ec22ad27dead47093f0944f5e651df4b12846f5a"
            },
            "dist": {
                "type": "zip",
                "url": "https://api.github.com/repos/php-mod/curl/zipball/ec22ad27dead47093f0944f5e651df4b12846f5a",
                "reference": "ec22ad27dead47093f0944f5e651df4b12846f5a",
                "shasum": ""
            },
            "require": {
                "ext-curl": "*",
                "php": "^5.6 | ^7.0 | ^8.0"
            },
            "require-dev": {
                "yoast/phpunit-polyfills": "^0.2.0"
            },
            "type": "library",
            "autoload": {
                "psr-0": {
                    "Curl": "src/"
                }
            },
            "notification-url": "https://packagist.org/downloads/",
            "license": [
                "MIT"
            ],
            "authors": [
                {
                    "name": "php-curl-class",
                    "homepage": "https://github.com/php-curl-class"
                },
                {
                    "name": "Hassan Amouhzi",
                    "email": "hassan@anezi.net",
                    "homepage": "http://hassan.amouhzi.com"
                },
                {
                    "name": "user52",
                    "homepage": "https://github.com/user52"
                }
            ],
            "description": "cURL class for PHP",
            "homepage": "https://github.com/php-mod/curl",
            "keywords": [
                "curl",
                "dot"
            ],
            "support": {
                "issues": "https://github.com/php-mod/curl/issues",
                "source": "https://github.com/php-mod/curl/tree/2.3.3"
            },
            "time": "2021-11-30T20:19:35+00:00"
        },
        {
            "name": "phpmailer/phpmailer",
            "version": "v6.6.3",
            "source": {
                "type": "git",
                "url": "https://github.com/PHPMailer/PHPMailer.git",
                "reference": "9400f305a898f194caff5521f64e5dfa926626f3"
            },
            "dist": {
                "type": "zip",
                "url": "https://api.github.com/repos/PHPMailer/PHPMailer/zipball/9400f305a898f194caff5521f64e5dfa926626f3",
                "reference": "9400f305a898f194caff5521f64e5dfa926626f3",
                "shasum": ""
            },
            "require": {
                "ext-ctype": "*",
                "ext-filter": "*",
                "ext-hash": "*",
                "php": ">=5.5.0"
            },
            "require-dev": {
                "dealerdirect/phpcodesniffer-composer-installer": "^0.7.0",
                "doctrine/annotations": "^1.2",
                "php-parallel-lint/php-console-highlighter": "^1.0.0",
                "php-parallel-lint/php-parallel-lint": "^1.3.2",
                "phpcompatibility/php-compatibility": "^9.3.5",
                "roave/security-advisories": "dev-latest",
                "squizlabs/php_codesniffer": "^3.6.2",
                "yoast/phpunit-polyfills": "^1.0.0"
            },
            "suggest": {
                "ext-mbstring": "Needed to send email in multibyte encoding charset or decode encoded addresses",
                "hayageek/oauth2-yahoo": "Needed for Yahoo XOAUTH2 authentication",
                "league/oauth2-google": "Needed for Google XOAUTH2 authentication",
                "psr/log": "For optional PSR-3 debug logging",
                "stevenmaguire/oauth2-microsoft": "Needed for Microsoft XOAUTH2 authentication",
                "symfony/polyfill-mbstring": "To support UTF-8 if the Mbstring PHP extension is not enabled (^1.2)"
            },
            "type": "library",
            "autoload": {
                "psr-4": {
                    "PHPMailer\\PHPMailer\\": "src/"
                }
            },
            "notification-url": "https://packagist.org/downloads/",
            "license": [
                "LGPL-2.1-only"
            ],
            "authors": [
                {
                    "name": "Marcus Bointon",
                    "email": "phpmailer@synchromedia.co.uk"
                },
                {
                    "name": "Jim Jagielski",
                    "email": "jimjag@gmail.com"
                },
                {
                    "name": "Andy Prevost",
                    "email": "codeworxtech@users.sourceforge.net"
                },
                {
                    "name": "Brent R. Matzelle"
                }
            ],
            "description": "PHPMailer is a full-featured email creation and transfer class for PHP",
            "support": {
                "issues": "https://github.com/PHPMailer/PHPMailer/issues",
                "source": "https://github.com/PHPMailer/PHPMailer/tree/v6.6.3"
            },
            "funding": [
                {
                    "url": "https://github.com/Synchro",
                    "type": "github"
                }
            ],
            "time": "2022-06-20T09:21:02+00:00"
        },
        {
            "name": "symfony/polyfill-ctype",
            "version": "v1.26.0",
            "source": {
                "type": "git",
                "url": "https://github.com/symfony/polyfill-ctype.git",
                "reference": "6fd1b9a79f6e3cf65f9e679b23af304cd9e010d4"
            },
            "dist": {
                "type": "zip",
                "url": "https://api.github.com/repos/symfony/polyfill-ctype/zipball/6fd1b9a79f6e3cf65f9e679b23af304cd9e010d4",
                "reference": "6fd1b9a79f6e3cf65f9e679b23af304cd9e010d4",
                "shasum": ""
            },
            "require": {
                "php": ">=7.1"
            },
            "provide": {
                "ext-ctype": "*"
            },
            "suggest": {
                "ext-ctype": "For best performance"
            },
            "type": "library",
            "extra": {
                "branch-alias": {
                    "dev-main": "1.26-dev"
                },
                "thanks": {
                    "name": "symfony/polyfill",
                    "url": "https://github.com/symfony/polyfill"
                }
            },
            "autoload": {
                "files": [
                    "bootstrap.php"
                ],
                "psr-4": {
                    "Symfony\\Polyfill\\Ctype\\": ""
                }
            },
            "notification-url": "https://packagist.org/downloads/",
            "license": [
                "MIT"
            ],
            "authors": [
                {
                    "name": "Gert de Pagter",
                    "email": "BackEndTea@gmail.com"
                },
                {
                    "name": "Symfony Community",
                    "homepage": "https://symfony.com/contributors"
                }
            ],
            "description": "Symfony polyfill for ctype functions",
            "homepage": "https://symfony.com",
            "keywords": [
                "compatibility",
                "ctype",
                "polyfill",
                "portable"
            ],
            "support": {
                "source": "https://github.com/symfony/polyfill-ctype/tree/v1.26.0"
            },
            "funding": [
                {
                    "url": "https://symfony.com/sponsor",
                    "type": "custom"
                },
                {
                    "url": "https://github.com/fabpot",
                    "type": "github"
                },
                {
                    "url": "https://tidelift.com/funding/github/packagist/symfony/symfony",
                    "type": "tidelift"
                }
            ],
            "time": "2022-05-24T11:49:31+00:00"
        },
        {
            "name": "symfony/polyfill-mbstring",
            "version": "v1.26.0",
            "source": {
                "type": "git",
                "url": "https://github.com/symfony/polyfill-mbstring.git",
                "reference": "9344f9cb97f3b19424af1a21a3b0e75b0a7d8d7e"
            },
            "dist": {
                "type": "zip",
                "url": "https://api.github.com/repos/symfony/polyfill-mbstring/zipball/9344f9cb97f3b19424af1a21a3b0e75b0a7d8d7e",
                "reference": "9344f9cb97f3b19424af1a21a3b0e75b0a7d8d7e",
                "shasum": ""
            },
            "require": {
                "php": ">=7.1"
            },
            "provide": {
                "ext-mbstring": "*"
            },
            "suggest": {
                "ext-mbstring": "For best performance"
            },
            "type": "library",
            "extra": {
                "branch-alias": {
                    "dev-main": "1.26-dev"
                },
                "thanks": {
                    "name": "symfony/polyfill",
                    "url": "https://github.com/symfony/polyfill"
                }
            },
            "autoload": {
                "files": [
                    "bootstrap.php"
                ],
                "psr-4": {
                    "Symfony\\Polyfill\\Mbstring\\": ""
                }
            },
            "notification-url": "https://packagist.org/downloads/",
            "license": [
                "MIT"
            ],
            "authors": [
                {
                    "name": "Nicolas Grekas",
                    "email": "p@tchwork.com"
                },
                {
                    "name": "Symfony Community",
                    "homepage": "https://symfony.com/contributors"
                }
            ],
            "description": "Symfony polyfill for the Mbstring extension",
            "homepage": "https://symfony.com",
            "keywords": [
                "compatibility",
                "mbstring",
                "polyfill",
                "portable",
                "shim"
            ],
            "support": {
                "source": "https://github.com/symfony/polyfill-mbstring/tree/v1.26.0"
            },
            "funding": [
                {
                    "url": "https://symfony.com/sponsor",
                    "type": "custom"
                },
                {
                    "url": "https://github.com/fabpot",
                    "type": "github"
                },
                {
                    "url": "https://tidelift.com/funding/github/packagist/symfony/symfony",
                    "type": "tidelift"
                }
            ],
            "time": "2022-05-24T11:49:31+00:00"
        },
        {
            "name": "symfony/yaml",
            "version": "v6.0.3",
            "source": {
                "type": "git",
                "url": "https://github.com/symfony/yaml.git",
                "reference": "e77f3ea0b21141d771d4a5655faa54f692b34af5"
            },
            "dist": {
                "type": "zip",
                "url": "https://api.github.com/repos/symfony/yaml/zipball/e77f3ea0b21141d771d4a5655faa54f692b34af5",
                "reference": "e77f3ea0b21141d771d4a5655faa54f692b34af5",
                "shasum": ""
            },
            "require": {
                "php": ">=8.0.2",
                "symfony/polyfill-ctype": "^1.8"
            },
            "conflict": {
                "symfony/console": "<5.4"
            },
            "require-dev": {
                "symfony/console": "^5.4|^6.0"
            },
            "suggest": {
                "symfony/console": "For validating YAML files using the lint command"
            },
            "bin": [
                "Resources/bin/yaml-lint"
            ],
            "type": "library",
            "autoload": {
                "psr-4": {
                    "Symfony\\Component\\Yaml\\": ""
                },
                "exclude-from-classmap": [
                    "/Tests/"
                ]
            },
            "notification-url": "https://packagist.org/downloads/",
            "license": [
                "MIT"
            ],
            "authors": [
                {
                    "name": "Fabien Potencier",
                    "email": "fabien@symfony.com"
                },
                {
                    "name": "Symfony Community",
                    "homepage": "https://symfony.com/contributors"
                }
            ],
            "description": "Loads and dumps YAML files",
            "homepage": "https://symfony.com",
            "support": {
                "source": "https://github.com/symfony/yaml/tree/v6.0.3"
            },
            "funding": [
                {
                    "url": "https://symfony.com/sponsor",
                    "type": "custom"
                },
                {
                    "url": "https://github.com/fabpot",
                    "type": "github"
                },
                {
                    "url": "https://tidelift.com/funding/github/packagist/symfony/symfony",
                    "type": "tidelift"
                }
            ],
            "time": "2022-01-26T17:23:29+00:00"
        },
        {
            "name": "twig/twig",
            "version": "v3.4.1",
            "source": {
                "type": "git",
                "url": "https://github.com/twigphp/Twig.git",
                "reference": "e939eae92386b69b49cfa4599dd9bead6bf4a342"
            },
            "dist": {
                "type": "zip",
                "url": "https://api.github.com/repos/twigphp/Twig/zipball/e939eae92386b69b49cfa4599dd9bead6bf4a342",
                "reference": "e939eae92386b69b49cfa4599dd9bead6bf4a342",
                "shasum": ""
            },
            "require": {
                "php": ">=7.2.5",
                "symfony/polyfill-ctype": "^1.8",
                "symfony/polyfill-mbstring": "^1.3"
            },
            "require-dev": {
                "psr/container": "^1.0",
                "symfony/phpunit-bridge": "^4.4.9|^5.0.9|^6.0"
            },
            "type": "library",
            "extra": {
                "branch-alias": {
                    "dev-master": "3.4-dev"
                }
            },
            "autoload": {
                "psr-4": {
                    "Twig\\": "src/"
                }
            },
            "notification-url": "https://packagist.org/downloads/",
            "license": [
                "BSD-3-Clause"
            ],
            "authors": [
                {
                    "name": "Fabien Potencier",
                    "email": "fabien@symfony.com",
                    "homepage": "http://fabien.potencier.org",
                    "role": "Lead Developer"
                },
                {
                    "name": "Twig Team",
                    "role": "Contributors"
                },
                {
                    "name": "Armin Ronacher",
                    "email": "armin.ronacher@active-4.com",
                    "role": "Project Founder"
                }
            ],
            "description": "Twig, the flexible, fast, and secure template language for PHP",
            "homepage": "https://twig.symfony.com",
            "keywords": [
                "templating"
            ],
            "support": {
                "issues": "https://github.com/twigphp/Twig/issues",
                "source": "https://github.com/twigphp/Twig/tree/v3.4.1"
            },
            "funding": [
                {
                    "url": "https://github.com/fabpot",
                    "type": "github"
                },
                {
                    "url": "https://tidelift.com/funding/github/packagist/twig/twig",
                    "type": "tidelift"
                }
            ],
            "time": "2022-05-17T05:48:52+00:00"
        }
    ],
    "packages-dev": [
        {
            "name": "symfony/var-dumper",
            "version": "v6.0.9",
            "source": {
                "type": "git",
                "url": "https://github.com/symfony/var-dumper.git",
                "reference": "ac81072464221e73ee994d12f0b8a2af4a9ed798"
            },
            "dist": {
                "type": "zip",
                "url": "https://api.github.com/repos/symfony/var-dumper/zipball/ac81072464221e73ee994d12f0b8a2af4a9ed798",
                "reference": "ac81072464221e73ee994d12f0b8a2af4a9ed798",
                "shasum": ""
            },
            "require": {
                "php": ">=8.0.2",
                "symfony/polyfill-mbstring": "~1.0"
            },
            "conflict": {
                "phpunit/phpunit": "<5.4.3",
                "symfony/console": "<5.4"
            },
            "require-dev": {
                "ext-iconv": "*",
                "symfony/console": "^5.4|^6.0",
                "symfony/process": "^5.4|^6.0",
                "symfony/uid": "^5.4|^6.0",
                "twig/twig": "^2.13|^3.0.4"
            },
            "suggest": {
                "ext-iconv": "To convert non-UTF-8 strings to UTF-8 (or symfony/polyfill-iconv in case ext-iconv cannot be used).",
                "ext-intl": "To show region name in time zone dump",
                "symfony/console": "To use the ServerDumpCommand and/or the bin/var-dump-server script"
            },
            "bin": [
                "Resources/bin/var-dump-server"
            ],
            "type": "library",
            "autoload": {
                "files": [
                    "Resources/functions/dump.php"
                ],
                "psr-4": {
                    "Symfony\\Component\\VarDumper\\": ""
                },
                "exclude-from-classmap": [
                    "/Tests/"
                ]
            },
            "notification-url": "https://packagist.org/downloads/",
            "license": [
                "MIT"
            ],
            "authors": [
                {
                    "name": "Nicolas Grekas",
                    "email": "p@tchwork.com"
                },
                {
                    "name": "Symfony Community",
                    "homepage": "https://symfony.com/contributors"
                }
            ],
            "description": "Provides mechanisms for walking through any arbitrary PHP variable",
            "homepage": "https://symfony.com",
            "keywords": [
                "debug",
                "dump"
            ],
            "support": {
                "source": "https://github.com/symfony/var-dumper/tree/v6.0.9"
            },
            "funding": [
                {
                    "url": "https://symfony.com/sponsor",
                    "type": "custom"
                },
                {
                    "url": "https://github.com/fabpot",
                    "type": "github"
                },
                {
                    "url": "https://tidelift.com/funding/github/packagist/symfony/symfony",
                    "type": "tidelift"
                }
            ],
            "time": "2022-05-21T13:33:31+00:00"
        }
    ],
    "aliases": [],
    "minimum-stability": "stable",
    "stability-flags": [],
    "prefer-stable": false,
    "prefer-lowest": false,
    "platform": {
        "php": ">=5.6.0"
    },
    "platform-dev": [],
    "plugin-api-version": "2.3.0"
}
